
Microsoft Visual Studio Solution File, Format Version 12.00
Project("{FAE04EC0-301F-11D3-BF4B-00C04F79EFBC}") = "DockerApp", "DockerApp\DockerApp.csproj", "{CCA09542-D7DB-45D5-A8AD-6D753DDD96FA}"
EndProject
Global
	GlobalSection(SolutionConfigurationPlatforms) = preSolution
		Debug|Any CPU = Debug|Any CPU
		Release|Any CPU = Release|Any CPU
	EndGlobalSection
	GlobalSection(ProjectConfigurationPlatforms) = postSolution
		{CCA09542-D7DB-45D5-A8AD-6D753DDD96FA}.Debug|Any CPU.ActiveCfg = Debug|Any CPU
		{CCA09542-D7DB-45D5-A8AD-6D753DDD96FA}.Debug|Any CPU.Build.0 = Debug|Any CPU
		{CCA09542-D7DB-45D5-A8AD-6D753DDD96FA}.Release|Any CPU.ActiveCfg = Release|Any CPU
		{CCA09542-D7DB-45D5-A8AD-6D753DDD96FA}.Release|Any CPU.Build.0 = Release|Any CPU
	EndGlobalSection
EndGlobal
